
Microsoft Visual Studio Solution File, Format Version 12.00
# Visual Studio Version 17
VisualStudioVersion = 17.6.33829.357
MinimumVisualStudioVersion = 10.0.40219.1
Project("{9A19103F-16F7-4668-BE54-9A1E7A4F7556}") = "EmployeeLoginPortal", "EmployeeLoginPortal.csproj", "{5619DB15-D085-429D-A19E-66D1889D3815}"
EndProject
Global
	GlobalSection(SolutionConfigurationPlatforms) = preSolution
		Debug|Any CPU = Debug|Any CPU
		Release|Any CPU = Release|Any CPU
	EndGlobalSection
	GlobalSection(ProjectConfigurationPlatforms) = postSolution
		{5619DB15-D085-429D-A19E-66D1889D3815}.Debug|Any CPU.ActiveCfg = Debug|Any CPU
		{5619DB15-D085-429D-A19E-66D1889D3815}.Debug|Any CPU.Build.0 = Debug|Any CPU
		{5619DB15-D085-429D-A19E-66D1889D3815}.Release|Any CPU.ActiveCfg = Release|Any CPU
		{5619DB15-D085-429D-A19E-66D1889D3815}.Release|Any CPU.Build.0 = Release|Any CPU
	EndGlobalSection
	GlobalSection(SolutionProperties) = preSolution
		HideSolutionNode = FALSE
	EndGlobalSection
	GlobalSection(ExtensibilityGlobals) = postSolution
		SolutionGuid = {89BE56DA-6D55-4FF6-BB18-CF36C110929E}
	EndGlobalSection
EndGlobal
